<Solution>
  <Platform Name="Any CPU" />

  <Project Path="src/RetroDownfall.Arcanum.Core/RetroDownfall.Arcanum.Core.csproj" />

  <Project Path="src/RetroDownfall.Arcanum.Secrets/RetroDownfall.Arcanum.Secrets.csproj" />

  <Project Path="src/RetroDownfall.Arcanum.Infrastructure/RetroDownfall.Arcanum.Infrastructure.csproj" />

  <Project Path="src/RetroDownfall.Arcanum.Api/RetroDownfall.Arcanum.Api.csproj" />
  <Folder Name="/docs/">
    <File Path="README.md" />
    <File Path="docs\Arcanum.DESIGN.md" />
    <File Path="docs\Arcanum.API.md" />
    <File Path="docs\Arcanum.Design.Human.md" />
    <File Path="docs\Arcanum.DEBUGGING.Human.md" />
    <File Path="docs\Arcanum.CHAT-LOOP.md" />
    <File Path="docs\Compendium.README.md" />
  </Folder>

  <Project Path="src/RetroDownfall.Arcanum.Api.DevHost/RetroDownfall.Arcanum.Api.DevHost.csproj" />

  <Project Path="src/RetroDownfall.Arcanum.Cli/RetroDownfall.Arcanum.Cli.csproj" />

  <Project Path="src/RetroDownfall.Compendium.Ux/RetroDownfall.Compendium.Ux.csproj" />

  <Project Path="src/RetroDownfall.TheForge.Core/RetroDownfall.TheForge.Core.csproj" />

  <Project Path="src/RetroDownfall.TheForge.Ux/RetroDownfall.TheForge.Ux.csproj" />

  <Project Path="tests/RetroDownfall.Arcanum.Tests/RetroDownfall.Arcanum.Tests.csproj" />
  <Project Path="tests/RetroDownfall.Compendium.Tests/RetroDownfall.Compendium.Tests.csproj" />
  <Project Path="tests/RetroDownfall.TheForge.Tests/RetroDownfall.TheForge.Tests.csproj" />
</Solution>
